
Microsoft Visual Studio Solution File, Format Version 12.00
# Visual Studio Version 16
VisualStudioVersion = 16.0.31424.327
MinimumVisualStudioVersion = 10.0.40219.1
Project("{9A19103F-16F7-4668-BE54-9A1E7A4F7556}") = "ASPdotNet_nov_2021", "ASPdotNet_nov_2021\ASPdotNet_nov_2021.csproj", "{1B59174D-1435-40FC-9AED-8865803007A9}"
EndProject
Project("{FAE04EC0-301F-11D3-BF4B-00C04F79EFBC}") = "WebApiDemo", "WebApiDemo\WebApiDemo.csproj", "{851B037A-A78F-4EBD-9CCA-77389CBD6317}"
EndProject
Project("{FAE04EC0-301F-11D3-BF4B-00C04F79EFBC}") = "WebApiDemo_2", "WebApiDemo_2\WebApiDemo_2.csproj", "{16072B09-2831-4D34-A98E-5883461AA9DD}"
EndProject
Global
	GlobalSection(SolutionConfigurationPlatforms) = preSolution
		Debug|Any CPU = Debug|Any CPU
		Release|Any CPU = Release|Any CPU
	EndGlobalSection
	GlobalSection(ProjectConfigurationPlatforms) = postSolution
		{1B59174D-1435-40FC-9AED-8865803007A9}.Debug|Any CPU.ActiveCfg = Debug|Any CPU
		{1B59174D-1435-40FC-9AED-8865803007A9}.Debug|Any CPU.Build.0 = Debug|Any CPU
		{1B59174D-1435-40FC-9AED-8865803007A9}.Release|Any CPU.ActiveCfg = Release|Any CPU
		{1B59174D-1435-40FC-9AED-8865803007A9}.Release|Any CPU.Build.0 = Release|Any CPU
		{851B037A-A78F-4EBD-9CCA-77389CBD6317}.Debug|Any CPU.ActiveCfg = Debug|Any CPU
		{851B037A-A78F-4EBD-9CCA-77389CBD6317}.Debug|Any CPU.Build.0 = Debug|Any CPU
		{851B037A-A78F-4EBD-9CCA-77389CBD6317}.Release|Any CPU.ActiveCfg = Release|Any CPU
		{851B037A-A78F-4EBD-9CCA-77389CBD6317}.Release|Any CPU.Build.0 = Release|Any CPU
		{16072B09-2831-4D34-A98E-5883461AA9DD}.Debug|Any CPU.ActiveCfg = Debug|Any CPU
		{16072B09-2831-4D34-A98E-5883461AA9DD}.Debug|Any CPU.Build.0 = Debug|Any CPU
		{16072B09-2831-4D34-A98E-5883461AA9DD}.Release|Any CPU.ActiveCfg = Release|Any CPU
		{16072B09-2831-4D34-A98E-5883461AA9DD}.Release|Any CPU.Build.0 = Release|Any CPU
	EndGlobalSection
	GlobalSection(SolutionProperties) = preSolution
		HideSolutionNode = FALSE
	EndGlobalSection
	GlobalSection(ExtensibilityGlobals) = postSolution
		SolutionGuid = {30E2B358-16AB-465D-89BE-4639ED9BC24E}
	EndGlobalSection
EndGlobal
